*/1 * * * * flock -xn /home/ec2-user/aem-shell/aem-move-65-shell-content/convert65/convert_65.sh >> /home/ec2-user/aem-shell/aem-move-65-shell-content/convert65/crontab.log 2>&1"




*/1 * * * * flock -xn /home/ec2-user/aem-shell/aem-move-65-shell-content/convert65/lock.lock -c "bash /home/ec2-user/aem-shell/aem-move-65-shell-content/convert65/convert_65.sh >> /home/ec2-user/aem-shell/aem-move-65-shell-content/convert65/crontab.log 2>&1"